
Microsoft Visual Studio Solution File, Format Version 12.00
# Visual Studio Version 17
VisualStudioVersion = 17.11.35222.181
MinimumVisualStudioVersion = 10.0.40219.1
Project("{FAE04EC0-301F-11D3-BF4B-00C04F79EFBC}") = "duongcongthanh-2280602931", "lab04\duongcongthanh-2280602931.csproj", "{1CA25848-8AE0-4620-B9DC-70CE86ACA0F5}"
EndProject
Global
	GlobalSection(SolutionConfigurationPlatforms) = preSolution
		Debug|Any CPU = Debug|Any CPU
		Release|Any CPU = Release|Any CPU
	EndGlobalSection
	GlobalSection(ProjectConfigurationPlatforms) = postSolution
		{1CA25848-8AE0-4620-B9DC-70CE86ACA0F5}.Debug|Any CPU.ActiveCfg = Debug|Any CPU
		{1CA25848-8AE0-4620-B9DC-70CE86ACA0F5}.Debug|Any CPU.Build.0 = Debug|Any CPU
		{1CA25848-8AE0-4620-B9DC-70CE86ACA0F5}.Release|Any CPU.ActiveCfg = Release|Any CPU
		{1CA25848-8AE0-4620-B9DC-70CE86ACA0F5}.Release|Any CPU.Build.0 = Release|Any CPU
	EndGlobalSection
	GlobalSection(SolutionProperties) = preSolution
		HideSolutionNode = FALSE
	EndGlobalSection
	GlobalSection(ExtensibilityGlobals) = postSolution
		SolutionGuid = {FB3F603A-3C71-45AE-9F14-AA7D3EA6FC86}
	EndGlobalSection
EndGlobal
